
Microsoft Visual Studio Solution File, Format Version 12.00
# Visual Studio Version 17
VisualStudioVersion = 17.14.36930.0 d17.14
MinimumVisualStudioVersion = 10.0.40219.1
Project("{FAE04EC0-301F-11D3-BF4B-00C04F79EFBC}") = "MinWINCMD", "MinWINCMD\MinWINCMD.csproj", "{FE1741DD-C9B7-496C-860E-7A12EC5245FB}"
EndProject
Global
	GlobalSection(SolutionConfigurationPlatforms) = preSolution
		Debug|Any CPU = Debug|Any CPU
		Release|Any CPU = Release|Any CPU
	EndGlobalSection
	GlobalSection(ProjectConfigurationPlatforms) = postSolution
		{FE1741DD-C9B7-496C-860E-7A12EC5245FB}.Debug|Any CPU.ActiveCfg = Debug|Any CPU
		{FE1741DD-C9B7-496C-860E-7A12EC5245FB}.Debug|Any CPU.Build.0 = Debug|Any CPU
		{FE1741DD-C9B7-496C-860E-7A12EC5245FB}.Release|Any CPU.ActiveCfg = Release|Any CPU
		{FE1741DD-C9B7-496C-860E-7A12EC5245FB}.Release|Any CPU.Build.0 = Release|Any CPU
	EndGlobalSection
	GlobalSection(SolutionProperties) = preSolution
		HideSolutionNode = FALSE
	EndGlobalSection
	GlobalSection(ExtensibilityGlobals) = postSolution
		SolutionGuid = {B9E8057E-A124-4441-9D31-984841C76F3C}
	EndGlobalSection
EndGlobal
